
Microsoft Visual Studio Solution File, Format Version 12.00
# Visual Studio Version 17
VisualStudioVersion = 17.9.34902.65
MinimumVisualStudioVersion = 10.0.40219.1
Project("{FAE04EC0-301F-11D3-BF4B-00C04F79EFBC}") = "UI", "UI\UI.csproj", "{D2D2C42B-2AAF-44E6-8A53-0EF65237F7D7}"
EndProject
Project("{FAE04EC0-301F-11D3-BF4B-00C04F79EFBC}") = "BE", "BE\BE.csproj", "{327B2FF8-7D16-48AA-9670-7B3B33EBD4CD}"
EndProject
Project("{FAE04EC0-301F-11D3-BF4B-00C04F79EFBC}") = "BLL", "BLL\BLL.csproj", "{20566EA3-526D-4209-BAFD-458EEACFD8E9}"
EndProject
Project("{FAE04EC0-301F-11D3-BF4B-00C04F79EFBC}") = "DAL", "DAL\DAL.csproj", "{8F26C216-7FE6-4A2D-81E1-ECE2EF089EAB}"
EndProject
Global
	GlobalSection(SolutionConfigurationPlatforms) = preSolution
		Debug|Any CPU = Debug|Any CPU
		Release|Any CPU = Release|Any CPU
	EndGlobalSection
	GlobalSection(ProjectConfigurationPlatforms) = postSolution
		{D2D2C42B-2AAF-44E6-8A53-0EF65237F7D7}.Debug|Any CPU.ActiveCfg = Debug|Any CPU
		{D2D2C42B-2AAF-44E6-8A53-0EF65237F7D7}.Debug|Any CPU.Build.0 = Debug|Any CPU
		{D2D2C42B-2AAF-44E6-8A53-0EF65237F7D7}.Release|Any CPU.ActiveCfg = Release|Any CPU
		{D2D2C42B-2AAF-44E6-8A53-0EF65237F7D7}.Release|Any CPU.Build.0 = Release|Any CPU
		{327B2FF8-7D16-48AA-9670-7B3B33EBD4CD}.Debug|Any CPU.ActiveCfg = Debug|Any CPU
		{327B2FF8-7D16-48AA-9670-7B3B33EBD4CD}.Debug|Any CPU.Build.0 = Debug|Any CPU
		{327B2FF8-7D16-48AA-9670-7B3B33EBD4CD}.Release|Any CPU.ActiveCfg = Release|Any CPU
		{327B2FF8-7D16-48AA-9670-7B3B33EBD4CD}.Release|Any CPU.Build.0 = Release|Any CPU
		{20566EA3-526D-4209-BAFD-458EEACFD8E9}.Debug|Any CPU.ActiveCfg = Debug|Any CPU
		{20566EA3-526D-4209-BAFD-458EEACFD8E9}.Debug|Any CPU.Build.0 = Debug|Any CPU
		{20566EA3-526D-4209-BAFD-458EEACFD8E9}.Release|Any CPU.ActiveCfg = Release|Any CPU
		{20566EA3-526D-4209-BAFD-458EEACFD8E9}.Release|Any CPU.Build.0 = Release|Any CPU
		{8F26C216-7FE6-4A2D-81E1-ECE2EF089EAB}.Debug|Any CPU.ActiveCfg = Debug|Any CPU
		{8F26C216-7FE6-4A2D-81E1-ECE2EF089EAB}.Debug|Any CPU.Build.0 = Debug|Any CPU
		{8F26C216-7FE6-4A2D-81E1-ECE2EF089EAB}.Release|Any CPU.ActiveCfg = Release|Any CPU
		{8F26C216-7FE6-4A2D-81E1-ECE2EF089EAB}.Release|Any CPU.Build.0 = Release|Any CPU
	EndGlobalSection
	GlobalSection(SolutionProperties) = preSolution
		HideSolutionNode = FALSE
	EndGlobalSection
	GlobalSection(ExtensibilityGlobals) = postSolution
		SolutionGuid = {FF9126DF-07FC-4E3A-9B08-2E61773DBA8D}
	EndGlobalSection
EndGlobal
